// !$*UTF8*$!
{
	archiveVersion = 1;
	classes = {
	};
	objectVersion = 56;
	objects = {

/* Begin PBXBuildFile section */
		99245E342C0FDBA00023A63E /* AppDelegate.swift in Sources */ = {isa = PBXBuildFile; fileRef = 99245E332C0FDBA00023A63E /* AppDelegate.swift */; };
		99245E362C0FDBA00023A63E /* SceneDelegate.swift in Sources */ = {isa = PBXBuildFile; fileRef = 99245E352C0FDBA00023A63E /* SceneDelegate.swift */; };
		99245E382C0FDBA00023A63E /* ViewController.swift in Sources */ = {isa = PBXBuildFile; fileRef = 99245E372C0FDBA00023A63E /* ViewController.swift */; };
		99245E3B2C0FDBA00023A63E /* Base in Resources */ = {isa = PBXBuildFile; fileRef = 99245E3A2C0FDBA00023A63E /* Base */; };
		99245E3D2C0FDBA20023A63E /* Assets.xcassets in Resources */ = {isa = PBXBuildFile; fileRef = 99245E3C2C0FDBA20023A63E /* Assets.xcassets */; };
		99245E402C0FDBA20023A63E /* Base in Resources */ = {isa = PBXBuildFile; fileRef = 99245E3F2C0FDBA20023A63E /* Base */; };
		99245E492C0FDC2C0023A63E /* ChattingData.swift in Sources */ = {isa = PBXBuildFile; fileRef = 99245E482C0FDC2C0023A63E /* ChattingData.swift */; };
		99245E4D2C0FDE6B0023A63E /* TalkListTableViewCell.xib in Resources */ = {isa = PBXBuildFile; fileRef = 99245E4C2C0FDE6B0023A63E /* TalkListTableViewCell.xib */; };
		99245E4E2C0FDE6B0023A63E /* TalkListTableViewCell.swift in Sources */ = {isa = PBXBuildFile; fileRef = 99245E4B2C0FDE6B0023A63E /* TalkListTableViewCell.swift */; };
		99245E512C0FDE9C0023A63E /* TalkListViewController.swift in Sources */ = {isa = PBXBuildFile; fileRef = 99245E502C0FDE9C0023A63E /* TalkListViewController.swift */; };
		99245E542C0FDFA90023A63E /* GourpChattingListTableViewCell.xib in Resources */ = {isa = PBXBuildFile; fileRef = 99245E532C0FDFA90023A63E /* GourpChattingListTableViewCell.xib */; };
		99245E552C0FDFA90023A63E /* GourpChattingListTableViewCell.swift in Sources */ = {isa = PBXBuildFile; fileRef = 99245E522C0FDFA90023A63E /* GourpChattingListTableViewCell.swift */; };
		99245E8D2C1038550023A63E /* Identifier+Extension.swift in Sources */ = {isa = PBXBuildFile; fileRef = 99245E8C2C1038550023A63E /* Identifier+Extension.swift */; };
		99245E9E2C106A870023A63E /* MyChatTableViewCell.xib in Resources */ = {isa = PBXBuildFile; fileRef = 99245E9D2C106A870023A63E /* MyChatTableViewCell.xib */; };
		99245E9F2C106A870023A63E /* MyChatTableViewCell.swift in Sources */ = {isa = PBXBuildFile; fileRef = 99245E9C2C106A870023A63E /* MyChatTableViewCell.swift */; };
		99245EA42C106ACA0023A63E /* PartnerTableViewCell.xib in Resources */ = {isa = PBXBuildFile; fileRef = 99245EA32C106ACA0023A63E /* PartnerTableViewCell.xib */; };
		99245EA52C106ACA0023A63E /* PartnerTableViewCell.swift in Sources */ = {isa = PBXBuildFile; fileRef = 99245EA22C106ACA0023A63E /* PartnerTableViewCell.swift */; };
		99245EA72C1083DF0023A63E /* ChatRoomViewController.swift in Sources */ = {isa = PBXBuildFile; fileRef = 99245EA62C1083DF0023A63E /* ChatRoomViewController.swift */; };
/* End PBXBuildFile section */

/* Begin PBXFileReference section */
		99245E302C0FDBA00023A63E /* TravelTalk.app */ = {isa = PBXFileReference; explicitFileType = wrapper.application; includeInIndex = 0; path = TravelTalk.app; sourceTree = BUILT_PRODUCTS_DIR; };
		99245E332C0FDBA00023A63E /* AppDelegate.swift */ = {isa = PBXFileReference; lastKnownFileType = sourcecode.swift; path = AppDelegate.swift; sourceTree = "<group>"; };
		99245E352C0FDBA00023A63E /* SceneDelegate.swift */ = {isa = PBXFileReference; lastKnownFileType = sourcecode.swift; path = SceneDelegate.swift; sourceTree = "<group>"; };
		99245E372C0FDBA00023A63E /* ViewController.swift */ = {isa = PBXFileReference; lastKnownFileType = sourcecode.swift; path = ViewController.swift; sourceTree = "<group>"; };
		99245E3A2C0FDBA00023A63E /* Base */ = {isa = PBXFileReference; lastKnownFileType = file.storyboard; name = Base; path = Base.lproj/Main.storyboard; sourceTree = "<group>"; };
		99245E3C2C0FDBA20023A63E /* Assets.xcassets */ = {isa = PBXFileReference; lastKnownFileType = folder.assetcatalog; path = Assets.xcassets; sourceTree = "<group>"; };
		99245E3F2C0FDBA20023A63E /* Base */ = {isa = PBXFileReference; lastKnownFileType = file.storyboard; name = Base; path = Base.lproj/LaunchScreen.storyboard; sourceTree = "<group>"; };
		99245E412C0FDBA20023A63E /* Info.plist */ = {isa = PBXFileReference; lastKnownFileType = text.plist.xml; path = Info.plist; sourceTree = "<group>"; };
		99245E482C0FDC2C0023A63E /* ChattingData.swift */ = {isa = PBXFileReference; fileEncoding = 4; lastKnownFileType = sourcecode.swift; path = ChattingData.swift; sourceTree = "<group>"; };
		99245E4B2C0FDE6B0023A63E /* TalkListTableViewCell.swift */ = {isa = PBXFileReference; lastKnownFileType = sourcecode.swift; path = TalkListTableViewCell.swift; sourceTree = "<group>"; };
		99245E4C2C0FDE6B0023A63E /* TalkListTableViewCell.xib */ = {isa = PBXFileReference; lastKnownFileType = file.xib; path = TalkListTableViewCell.xib; sourceTree = "<group>"; };
		99245E502C0FDE9C0023A63E /* TalkListViewController.swift */ = {isa = PBXFileReference; lastKnownFileType = sourcecode.swift; path = TalkListViewController.swift; sourceTree = "<group>"; };
		99245E522C0FDFA90023A63E /* GourpChattingListTableViewCell.swift */ = {isa = PBXFileReference; lastKnownFileType = sourcecode.swift; path = GourpChattingListTableViewCell.swift; sourceTree = "<group>"; };
		99245E532C0FDFA90023A63E /* GourpChattingListTableViewCell.xib */ = {isa = PBXFileReference; lastKnownFileType = file.xib; path = GourpChattingListTableViewCell.xib; sourceTree = "<group>"; };
		99245E8C2C1038550023A63E /* Identifier+Extension.swift */ = {isa = PBXFileReference; lastKnownFileType = sourcecode.swift; path = "Identifier+Extension.swift"; sourceTree = "<group>"; };
		99245E9C2C106A870023A63E /* MyChatTableViewCell.swift */ = {isa = PBXFileReference; lastKnownFileType = sourcecode.swift; path = MyChatTableViewCell.swift; sourceTree = "<group>"; };
		99245E9D2C106A870023A63E /* MyChatTableViewCell.xib */ = {isa = PBXFileReference; lastKnownFileType = file.xib; path = MyChatTableViewCell.xib; sourceTree = "<group>"; };
		99245EA22C106ACA0023A63E /* PartnerTableViewCell.swift */ = {isa = PBXFileReference; lastKnownFileType = sourcecode.swift; path = PartnerTableViewCell.swift; sourceTree = "<group>"; };
		99245EA32C106ACA0023A63E /* PartnerTableViewCell.xib */ = {isa = PBXFileReference; lastKnownFileType = file.xib; path = PartnerTableViewCell.xib; sourceTree = "<group>"; };
		99245EA62C1083DF0023A63E /* ChatRoomViewController.swift */ = {isa = PBXFileReference; lastKnownFileType = sourcecode.swift; path = ChatRoomViewController.swift; sourceTree = "<group>"; };
/* End PBXFileReference section */

/* Begin PBXFrameworksBuildPhase section */
		99245E2D2C0FDBA00023A63E /* Frameworks */ = {
			isa = PBXFrameworksBuildPhase;
			buildActionMask = 2147483647;
			files = (
			);
			runOnlyForDeploymentPostprocessing = 0;
		};
/* End PBXFrameworksBuildPhase section */

/* Begin PBXGroup section */
		99245E272C0FDBA00023A63E = {
			isa = PBXGroup;
			children = (
				99245E322C0FDBA00023A63E /* TravelTalk */,
				99245E312C0FDBA00023A63E /* Products */,
			);
			sourceTree = "<group>";
		};
		99245E312C0FDBA00023A63E /* Products */ = {
			isa = PBXGroup;
			children = (
				99245E302C0FDBA00023A63E /* TravelTalk.app */,
			);
			name = Products;
			sourceTree = "<group>";
		};
		99245E322C0FDBA00023A63E /* TravelTalk */ = {
			isa = PBXGroup;
			children = (
				99245E8F2C1069C30023A63E /* Chatting */,
				99245E8E2C103C4F0023A63E /* Extension */,
				99245E4F2C0FDE740023A63E /* ChattingList */,
				99245E4A2C0FDD410023A63E /* vc */,
				99245E472C0FDBDA0023A63E /* model */,
				99245E332C0FDBA00023A63E /* AppDelegate.swift */,
				99245E352C0FDBA00023A63E /* SceneDelegate.swift */,
				99245E372C0FDBA00023A63E /* ViewController.swift */,
				99245E392C0FDBA00023A63E /* Main.storyboard */,
				99245E3C2C0FDBA20023A63E /* Assets.xcassets */,
				99245E3E2C0FDBA20023A63E /* LaunchScreen.storyboard */,
				99245E412C0FDBA20023A63E /* Info.plist */,
			);
			path = TravelTalk;
			sourceTree = "<group>";
		};
		99245E472C0FDBDA0023A63E /* model */ = {
			isa = PBXGroup;
			children = (
				99245E482C0FDC2C0023A63E /* ChattingData.swift */,
			);
			path = model;
			sourceTree = "<group>";
		};
		99245E4A2C0FDD410023A63E /* vc */ = {
			isa = PBXGroup;
			children = (
				99245E502C0FDE9C0023A63E /* TalkListViewController.swift */,
				99245EA62C1083DF0023A63E /* ChatRoomViewController.swift */,
			);
			path = vc;
			sourceTree = "<group>";
		};
		99245E4F2C0FDE740023A63E /* ChattingList */ = {
			isa = PBXGroup;
			children = (
				99245E4C2C0FDE6B0023A63E /* TalkListTableViewCell.xib */,
				99245E4B2C0FDE6B0023A63E /* TalkListTableViewCell.swift */,
				99245E522C0FDFA90023A63E /* GourpChattingListTableViewCell.swift */,
				99245E532C0FDFA90023A63E /* GourpChattingListTableViewCell.xib */,
			);
			path = ChattingList;
			sourceTree = "<group>";
		};
		99245E8E2C103C4F0023A63E /* Extension */ = {
			isa = PBXGroup;
			children = (
				99245E8C2C1038550023A63E /* Identifier+Extension.swift */,
			);
			path = Extension;
			sourceTree = "<group>";
		};
		99245E8F2C1069C30023A63E /* Chatting */ = {
			isa = PBXGroup;
			children = (
				99245E9C2C106A870023A63E /* MyChatTableViewCell.swift */,
				99245E9D2C106A870023A63E /* MyChatTableViewCell.xib */,
				99245EA22C106ACA0023A63E /* PartnerTableViewCell.swift */,
				99245EA32C106ACA0023A63E /* PartnerTableViewCell.xib */,
			);
			path = Chatting;
			sourceTree = "<group>";
		};
/* End PBXGroup section */

/* Begin PBXNativeTarget section */
		99245E2F2C0FDBA00023A63E /* TravelTalk */ = {
			isa = PBXNativeTarget;
			buildConfigurationList = 99245E442C0FDBA20023A63E /* Build configuration list for PBXNativeTarget "TravelTalk" */;
			buildPhases = (
				99245E2C2C0FDBA00023A63E /* Sources */,
				99245E2D2C0FDBA00023A63E /* Frameworks */,
				99245E2E2C0FDBA00023A63E /* Resources */,
			);
			buildRules = (
			);
			dependencies = (
			);
			name = TravelTalk;
			productName = TravelTalk;
			productReference = 99245E302C0FDBA00023A63E /* TravelTalk.app */;
			productType = "com.apple.product-type.application";
		};
/* End PBXNativeTarget section */

/* Begin PBXProject section */
		99245E282C0FDBA00023A63E /* Project object */ = {
			isa = PBXProject;
			attributes = {
				BuildIndependentTargetsInParallel = 1;
				LastSwiftUpdateCheck = 1530;
				LastUpgradeCheck = 1530;
				TargetAttributes = {
					99245E2F2C0FDBA00023A63E = {
						CreatedOnToolsVersion = 15.3;
					};
				};
			};
			buildConfigurationList = 99245E2B2C0FDBA00023A63E /* Build configuration list for PBXProject "TravelTalk" */;
			compatibilityVersion = "Xcode 14.0";
			developmentRegion = en;
			hasScannedForEncodings = 0;
			knownRegions = (
				en,
				Base,
			);
			mainGroup = 99245E272C0FDBA00023A63E;
			productRefGroup = 99245E312C0FDBA00023A63E /* Products */;
			projectDirPath = "";
			projectRoot = "";
			targets = (
				99245E2F2C0FDBA00023A63E /* TravelTalk */,
			);
		};
/* End PBXProject section */

/* Begin PBXResourcesBuildPhase section */
		99245E2E2C0FDBA00023A63E /* Resources */ = {
			isa = PBXResourcesBuildPhase;
			buildActionMask = 2147483647;
			files = (
				99245E3D2C0FDBA20023A63E /* Assets.xcassets in Resources */,
				99245E4D2C0FDE6B0023A63E /* TalkListTableViewCell.xib in Resources */,
				99245E402C0FDBA20023A63E /* Base in Resources */,
				99245E542C0FDFA90023A63E /* GourpChattingListTableViewCell.xib in Resources */,
				99245EA42C106ACA0023A63E /* PartnerTableViewCell.xib in Resources */,
				99245E3B2C0FDBA00023A63E /* Base in Resources */,
				99245E9E2C106A870023A63E /* MyChatTableViewCell.xib in Resources */,
			);
			runOnlyForDeploymentPostprocessing = 0;
		};
/* End PBXResourcesBuildPhase section */

/* Begin PBXSourcesBuildPhase section */
		99245E2C2C0FDBA00023A63E /* Sources */ = {
			isa = PBXSourcesBuildPhase;
			buildActionMask = 2147483647;
			files = (
				99245E8D2C1038550023A63E /* Identifier+Extension.swift in Sources */,
				99245E382C0FDBA00023A63E /* ViewController.swift in Sources */,
				99245E4E2C0FDE6B0023A63E /* TalkListTableViewCell.swift in Sources */,
				99245E492C0FDC2C0023A63E /* ChattingData.swift in Sources */,
				99245E342C0FDBA00023A63E /* AppDelegate.swift in Sources */,
				99245E552C0FDFA90023A63E /* GourpChattingListTableViewCell.swift in Sources */,
				99245E512C0FDE9C0023A63E /* TalkListViewController.swift in Sources */,
				99245E9F2C106A870023A63E /* MyChatTableViewCell.swift in Sources */,
				99245EA52C106ACA0023A63E /* PartnerTableViewCell.swift in Sources */,
				99245E362C0FDBA00023A63E /* SceneDelegate.swift in Sources */,
				99245EA72C1083DF0023A63E /* ChatRoomViewController.swift in Sources */,
			);
			runOnlyForDeploymentPostprocessing = 0;
		};
/* End PBXSourcesBuildPhase section */

/* Begin PBXVariantGroup section */
		99245E392C0FDBA00023A63E /* Main.storyboard */ = {
			isa = PBXVariantGroup;
			children = (
				99245E3A2C0FDBA00023A63E /* Base */,
			);
			name = Main.storyboard;
			sourceTree = "<group>";
		};
		99245E3E2C0FDBA20023A63E /* LaunchScreen.storyboard */ = {
			isa = PBXVariantGroup;
			children = (
				99245E3F2C0FDBA20023A63E /* Base */,
			);
			name = LaunchScreen.storyboard;
			sourceTree = "<group>";
		};
/* End PBXVariantGroup section */

/* Begin XCBuildConfiguration section */
		99245E422C0FDBA20023A63E /* Debug */ = {
			isa = XCBuildConfiguration;
			buildSettings = {
				ALWAYS_SEARCH_USER_PATHS = NO;
				ASSETCATALOG_COMPILER_GENERATE_SWIFT_ASSET_SYMBOL_EXTENSIONS = YES;
				CLANG_ANALYZER_NONNULL = YES;
				CLANG_ANALYZER_NUMBER_OBJECT_CONVERSION = YES_AGGRESSIVE;
				CLANG_CXX_LANGUAGE_STANDARD = "gnu++20";
				CLANG_ENABLE_MODULES = YES;
				CLANG_ENABLE_OBJC_ARC = YES;
				CLANG_ENABLE_OBJC_WEAK = YES;
				CLANG_WARN_BLOCK_CAPTURE_AUTORELEASING = YES;
				CLANG_WARN_BOOL_CONVERSION = YES;
				CLANG_WARN_COMMA = YES;
				CLANG_WARN_CONSTANT_CONVERSION = YES;
				CLANG_WARN_DEPRECATED_OBJC_IMPLEMENTATIONS = YES;
				CLANG_WARN_DIRECT_OBJC_ISA_USAGE = YES_ERROR;
				CLANG_WARN_DOCUMENTATION_COMMENTS = YES;
				CLANG_WARN_EMPTY_BODY = YES;
				CLANG_WARN_ENUM_CONVERSION = YES;
				CLANG_WARN_INFINITE_RECURSION = YES;
				CLANG_WARN_INT_CONVERSION = YES;
				CLANG_WARN_NON_LITERAL_NULL_CONVERSION = YES;
				CLANG_WARN_OBJC_IMPLICIT_RETAIN_SELF = YES;
				CLANG_WARN_OBJC_LITERAL_CONVERSION = YES;
				CLANG_WARN_OBJC_ROOT_CLASS = YES_ERROR;
				CLANG_WARN_QUOTED_INCLUDE_IN_FRAMEWORK_HEADER = YES;
				CLANG_WARN_RANGE_LOOP_ANALYSIS = YES;
				CLANG_WARN_STRICT_PROTOTYPES = YES;
				CLANG_WARN_SUSPICIOUS_MOVE = YES;
				CLANG_WARN_UNGUARDED_AVAILABILITY = YES_AGGRESSIVE;
				CLANG_WARN_UNREACHABLE_CODE = YES;
				CLANG_WARN__DUPLICATE_METHOD_MATCH = YES;
				COPY_PHASE_STRIP = NO;
				DEBUG_INFORMATION_FORMAT = dwarf;
				ENABLE_STRICT_OBJC_MSGSEND = YES;
				ENABLE_TESTABILITY = YES;
				ENABLE_USER_SCRIPT_SANDBOXING = YES;
				GCC_C_LANGUAGE_STANDARD = gnu17;
				GCC_DYNAMIC_NO_PIC = NO;
				GCC_NO_COMMON_BLOCKS = YES;
				GCC_OPTIMIZATION_LEVEL = 0;
				GCC_PREPROCESSOR_DEFINITIONS = (
					"DEBUG=1",
					"$(inherited)",
				);
				GCC_WARN_64_TO_32_BIT_CONVERSION = YES;
				GCC_WARN_ABOUT_RETURN_TYPE = YES_ERROR;
				GCC_WARN_UNDECLARED_SELECTOR = YES;
				GCC_WARN_UNINITIALIZED_AUTOS = YES_AGGRESSIVE;
				GCC_WARN_UNUSED_FUNCTION = YES;
				GCC_WARN_UNUSED_VARIABLE = YES;
				IPHONEOS_DEPLOYMENT_TARGET = 17.4;
				LOCALIZATION_PREFERS_STRING_CATALOGS = YES;
				MTL_ENABLE_DEBUG_INFO = INCLUDE_SOURCE;
				MTL_FAST_MATH = YES;
				ONLY_ACTIVE_ARCH = YES;
				SDKROOT = iphoneos;
				SWIFT_ACTIVE_COMPILATION_CONDITIONS = "DEBUG $(inherited)";
				SWIFT_OPTIMIZATION_LEVEL = "-Onone";
			};
			name = Debug;
		};
		99245E432C0FDBA20023A63E /* Release */ = {
			isa = XCBuildConfiguration;
			buildSettings = {
				ALWAYS_SEARCH_USER_PATHS = NO;
				ASSETCATALOG_COMPILER_GENERATE_SWIFT_ASSET_SYMBOL_EXTENSIONS = YES;
				CLANG_ANALYZER_NONNULL = YES;
				CLANG_ANALYZER_NUMBER_OBJECT_CONVERSION = YES_AGGRESSIVE;
				CLANG_CXX_LANGUAGE_STANDARD = "gnu++20";
				CLANG_ENABLE_MODULES = YES;
				CLANG_ENABLE_OBJC_ARC = YES;
				CLANG_ENABLE_OBJC_WEAK = YES;
				CLANG_WARN_BLOCK_CAPTURE_AUTORELEASING = YES;
				CLANG_WARN_BOOL_CONVERSION = YES;
				CLANG_WARN_COMMA = YES;
				CLANG_WARN_CONSTANT_CONVERSION = YES;
				CLANG_WARN_DEPRECATED_OBJC_IMPLEMENTATIONS = YES;
				CLANG_WARN_DIRECT_OBJC_ISA_USAGE = YES_ERROR;
				CLANG_WARN_DOCUMENTATION_COMMENTS = YES;
				CLANG_WARN_EMPTY_BODY = YES;
				CLANG_WARN_ENUM_CONVERSION = YES;
				CLANG_WARN_INFINITE_RECURSION = YES;
				CLANG_WARN_INT_CONVERSION = YES;
				CLANG_WARN_NON_LITERAL_NULL_CONVERSION = YES;
				CLANG_WARN_OBJC_IMPLICIT_RETAIN_SELF = YES;
				CLANG_WARN_OBJC_LITERAL_CONVERSION = YES;
				CLANG_WARN_OBJC_ROOT_CLASS = YES_ERROR;
				CLANG_WARN_QUOTED_INCLUDE_IN_FRAMEWORK_HEADER = YES;
				CLANG_WARN_RANGE_LOOP_ANALYSIS = YES;
				CLANG_WARN_STRICT_PROTOTYPES = YES;
				CLANG_WARN_SUSPICIOUS_MOVE = YES;
				CLANG_WARN_UNGUARDED_AVAILABILITY = YES_AGGRESSIVE;
				CLANG_WARN_UNREACHABLE_CODE = YES;
				CLANG_WARN__DUPLICATE_METHOD_MATCH = YES;
				COPY_PHASE_STRIP = NO;
				DEBUG_INFORMATION_FORMAT = "dwarf-with-dsym";
				ENABLE_NS_ASSERTIONS = NO;
				ENABLE_STRICT_OBJC_MSGSEND = YES;
				ENABLE_USER_SCRIPT_SANDBOXING = YES;
				GCC_C_LANGUAGE_STANDARD = gnu17;
				GCC_NO_COMMON_BLOCKS = YES;
				GCC_WARN_64_TO_32_BIT_CONVERSION = YES;
				GCC_WARN_ABOUT_RETURN_TYPE = YES_ERROR;
				GCC_WARN_UNDECLARED_SELECTOR = YES;
				GCC_WARN_UNINITIALIZED_AUTOS = YES_AGGRESSIVE;
				GCC_WARN_UNUSED_FUNCTION = YES;
				GCC_WARN_UNUSED_VARIABLE = YES;
				IPHONEOS_DEPLOYMENT_TARGET = 17.4;
				LOCALIZATION_PREFERS_STRING_CATALOGS = YES;
				MTL_ENABLE_DEBUG_INFO = NO;
				MTL_FAST_MATH = YES;
				SDKROOT = iphoneos;
				SWIFT_COMPILATION_MODE = wholemodule;
				VALIDATE_PRODUCT = YES;
			};
			name = Release;
		};
		99245E452C0FDBA20023A63E /* Debug */ = {
			isa = XCBuildConfiguration;
			buildSettings = {
				ASSETCATALOG_COMPILER_APPICON_NAME = AppIcon;
				ASSETCATALOG_COMPILER_GLOBAL_ACCENT_COLOR_NAME = AccentColor;
				CODE_SIGN_STYLE = Automatic;
				CURRENT_PROJECT_VERSION = 1;
				DEVELOPMENT_TEAM = Y2VDXSZQ3M;
				GENERATE_INFOPLIST_FILE = YES;
				INFOPLIST_FILE = TravelTalk/Info.plist;
				INFOPLIST_KEY_UIApplicationSupportsIndirectInputEvents = YES;
				INFOPLIST_KEY_UILaunchStoryboardName = LaunchScreen;
				INFOPLIST_KEY_UIMainStoryboardFile = Main;
				INFOPLIST_KEY_UISupportedInterfaceOrientations = UIInterfaceOrientationPortrait;
				INFOPLIST_KEY_UISupportedInterfaceOrientations_iPad = "UIInterfaceOrientationLandscapeLeft UIInterfaceOrientationLandscapeRight UIInterfaceOrientationPortrait UIInterfaceOrientationPortraitUpsideDown";
				IPHONEOS_DEPLOYMENT_TARGET = 16.0;
				LD_RUNPATH_SEARCH_PATHS = (
					"$(inherited)",
					"@executable_path/Frameworks",
				);
				MARKETING_VERSION = 1.0;
				PRODUCT_BUNDLE_IDENTIFIER = com.yun.TravelTalk;
				PRODUCT_NAME = "$(TARGET_NAME)";
				SUPPORTED_PLATFORMS = "iphoneos iphonesimulator";
				SUPPORTS_MACCATALYST = NO;
				SUPPORTS_MAC_DESIGNED_FOR_IPHONE_IPAD = NO;
				SUPPORTS_XR_DESIGNED_FOR_IPHONE_IPAD = NO;
				SWIFT_EMIT_LOC_STRINGS = YES;
				SWIFT_VERSION = 5.0;
				TARGETED_DEVICE_FAMILY = 1;
			};
			name = Debug;
		};
		99245E462C0FDBA20023A63E /* Release */ = {
			isa = XCBuildConfiguration;
			buildSettings = {
				ASSETCATALOG_COMPILER_APPICON_NAME = AppIcon;
				ASSETCATALOG_COMPILER_GLOBAL_ACCENT_COLOR_NAME = AccentColor;
				CODE_SIGN_STYLE = Automatic;
				CURRENT_PROJECT_VERSION = 1;
				DEVELOPMENT_TEAM = Y2VDXSZQ3M;
				GENERATE_INFOPLIST_FILE = YES;
				INFOPLIST_FILE = TravelTalk/Info.plist;
				INFOPLIST_KEY_UIApplicationSupportsIndirectInputEvents = YES;
				INFOPLIST_KEY_UILaunchStoryboardName = LaunchScreen;
				INFOPLIST_KEY_UIMainStoryboardFile = Main;
				INFOPLIST_KEY_UISupportedInterfaceOrientations = UIInterfaceOrientationPortrait;
				INFOPLIST_KEY_UISupportedInterfaceOrientations_iPad = "UIInterfaceOrientationLandscapeLeft UIInterfaceOrientationLandscapeRight UIInterfaceOrientationPortrait UIInterfaceOrientationPortraitUpsideDown";
				IPHONEOS_DEPLOYMENT_TARGET = 16.0;
				LD_RUNPATH_SEARCH_PATHS = (
					"$(inherited)",
					"@executable_path/Frameworks",
				);
				MARKETING_VERSION = 1.0;
				PRODUCT_BUNDLE_IDENTIFIER = com.yun.TravelTalk;
				PRODUCT_NAME = "$(TARGET_NAME)";
				SUPPORTED_PLATFORMS = "iphoneos iphonesimulator";
				SUPPORTS_MACCATALYST = NO;
				SUPPORTS_MAC_DESIGNED_FOR_IPHONE_IPAD = NO;
				SUPPORTS_XR_DESIGNED_FOR_IPHONE_IPAD = NO;
				SWIFT_EMIT_LOC_STRINGS = YES;
				SWIFT_VERSION = 5.0;
				TARGETED_DEVICE_FAMILY = 1;
			};
			name = Release;
		};
/* End XCBuildConfiguration section */

/* Begin XCConfigurationList section */
		99245E2B2C0FDBA00023A63E /* Build configuration list for PBXProject "TravelTalk" */ = {
			isa = XCConfigurationList;
			buildConfigurations = (
				99245E422C0FDBA20023A63E /* Debug */,
				99245E432C0FDBA20023A63E /* Release */,
			);
			defaultConfigurationIsVisible = 0;
			defaultConfigurationName = Release;
		};
		99245E442C0FDBA20023A63E /* Build configuration list for PBXNativeTarget "TravelTalk" */ = {
			isa = XCConfigurationList;
			buildConfigurations = (
				99245E452C0FDBA20023A63E /* Debug */,
				99245E462C0FDBA20023A63E /* Release */,
			);
			defaultConfigurationIsVisible = 0;
			defaultConfigurationName = Release;
		};
/* End XCConfigurationList section */
	};
	rootObject = 99245E282C0FDBA00023A63E /* Project object */;
}
